
Microsoft Visual Studio Solution File, Format Version 12.00
# Visual Studio 14
VisualStudioVersion = 14.0.25123.0
MinimumVisualStudioVersion = 10.0.40219.1
Project("{B36435ED-E229-47F9-9B11-31F4EE11F3CD}") = "Sitecore.Support.8306", "Sitecore.Support.8306\Sitecore.Support.8306.csproj", "{831892C7-D732-42AC-848F-7AA9A36FD3F1}"
EndProject
Global
	GlobalSection(SolutionConfigurationPlatforms) = preSolution
		Debug|Any CPU = Debug|Any CPU
		Release|Any CPU = Release|Any CPU
	EndGlobalSection
	GlobalSection(ProjectConfigurationPlatforms) = postSolution
		{831892C7-D732-42AC-848F-7AA9A36FD3F1}.Debug|Any CPU.ActiveCfg = Debug|Any CPU
		{831892C7-D732-42AC-848F-7AA9A36FD3F1}.Debug|Any CPU.Build.0 = Debug|Any CPU
		{831892C7-D732-42AC-848F-7AA9A36FD3F1}.Release|Any CPU.ActiveCfg = Release|Any CPU
		{831892C7-D732-42AC-848F-7AA9A36FD3F1}.Release|Any CPU.Build.0 = Release|Any CPU
	EndGlobalSection
	GlobalSection(SolutionProperties) = preSolution
		HideSolutionNode = FALSE
	EndGlobalSection
EndGlobal
